
Microsoft Visual Studio Solution File, Format Version 12.00
# Visual Studio 2012
Project("{FAE04EC0-301F-11D3-BF4B-00C04F79EFBC}") = "HelloWorld.App", "HelloWorld.App.csproj", "{8BB20190-1393-4F85-A323-3BACCB3C2685}"
EndProject
Global
	GlobalSection(SolutionConfigurationPlatforms) = preSolution
		Debug|Any CPU = Debug|Any CPU
		Release|Any CPU = Release|Any CPU
	EndGlobalSection
	GlobalSection(ProjectConfigurationPlatforms) = postSolution
		{8BB20190-1393-4F85-A323-3BACCB3C2685}.Debug|Any CPU.ActiveCfg = Debug|Any CPU
		{8BB20190-1393-4F85-A323-3BACCB3C2685}.Debug|Any CPU.Build.0 = Debug|Any CPU
		{8BB20190-1393-4F85-A323-3BACCB3C2685}.Release|Any CPU.ActiveCfg = Release|Any CPU
		{8BB20190-1393-4F85-A323-3BACCB3C2685}.Release|Any CPU.Build.0 = Release|Any CPU
	EndGlobalSection
	GlobalSection(SolutionProperties) = preSolution
		HideSolutionNode = FALSE
	EndGlobalSection
EndGlobal
